// !$*UTF8*$!
{
	archiveVersion = 1;
	classes = {
	};
	objectVersion = 46;
	objects = {

/* Begin PBXBuildFile section */
		030CBF6724E38C8B0017E616 /* TencentLBS.framework in Frameworks */ = {isa = PBXBuildFile; fileRef = 030CBF6624E38C8A0017E616 /* TencentLBS.framework */; };
		030CBF6C24E38F780017E616 /* WalkNaviViewController.h in Headers */ = {isa = PBXBuildFile; fileRef = 030CBF6A24E38F780017E616 /* WalkNaviViewController.h */; };
		030CBF6D24E38F780017E616 /* WalkNaviViewController.m in Sources */ = {isa = PBXBuildFile; fileRef = 030CBF6B24E38F780017E616 /* WalkNaviViewController.m */; };
		030CBF7024E38F870017E616 /* RideNaviViewController.h in Headers */ = {isa = PBXBuildFile; fileRef = 030CBF6E24E38F870017E616 /* RideNaviViewController.h */; };
		030CBF7124E38F870017E616 /* RideNaviViewController.m in Sources */ = {isa = PBXBuildFile; fileRef = 030CBF6F24E38F870017E616 /* RideNaviViewController.m */; };
		030CBF7324E3ACF60017E616 /* TNKNavigationKit.framework in Frameworks */ = {isa = PBXBuildFile; fileRef = 030CBF7224E3ACF60017E616 /* TNKNavigationKit.framework */; };
		030CBF7724E3BE9E0017E616 /* TencentNavigationKit.bundle in Resources */ = {isa = PBXBuildFile; fileRef = 030CBF7624E3BE9E0017E616 /* TencentNavigationKit.bundle */; };
		030CBF7A24ECCB1C0017E616 /* NaviRouteColorViewController.h in Headers */ = {isa = PBXBuildFile; fileRef = 030CBF7824ECCB1C0017E616 /* NaviRouteColorViewController.h */; };
		030CBF7B24ECCB1C0017E616 /* NaviRouteColorViewController.m in Sources */ = {isa = PBXBuildFile; fileRef = 030CBF7924ECCB1C0017E616 /* NaviRouteColorViewController.m */; };
		030CBF7E24ECCCA60017E616 /* NaviRouteSymbolGapViewController.h in Headers */ = {isa = PBXBuildFile; fileRef = 030CBF7C24ECCCA60017E616 /* NaviRouteSymbolGapViewController.h */; };
		030CBF7F24ECCCA60017E616 /* NaviRouteSymbolGapViewController.m in Sources */ = {isa = PBXBuildFile; fileRef = 030CBF7D24ECCCA60017E616 /* NaviRouteSymbolGapViewController.m */; };
		03538FFF246A8B71002DE0CF /* QMapKit.bundle in Resources */ = {isa = PBXBuildFile; fileRef = 03538FFE246A8B71002DE0CF /* QMapKit.bundle */; };
		0380BCF6254A7225003035D5 /* AutoScaleViewController.h in Headers */ = {isa = PBXBuildFile; fileRef = 0380BCF4254A7225003035D5 /* AutoScaleViewController.h */; };
		0380BCF7254A7225003035D5 /* AutoScaleViewController.m in Sources */ = {isa = PBXBuildFile; fileRef = 0380BCF5254A7225003035D5 /* AutoScaleViewController.m */; };
		0380BD13254A97E0003035D5 /* MathTool.m in Sources */ = {isa = PBXBuildFile; fileRef = 0380BD11254A97DF003035D5 /* MathTool.m */; };
		0380BD14254A97E0003035D5 /* MathTool.h in Headers */ = {isa = PBXBuildFile; fileRef = 0380BD12254A97E0003035D5 /* MathTool.h */; };
		0380BD17254A97EB003035D5 /* DeviceUtils.h in Headers */ = {isa = PBXBuildFile; fileRef = 0380BD15254A97EB003035D5 /* DeviceUtils.h */; };
		0380BD18254A97EB003035D5 /* DeviceUtils.m in Sources */ = {isa = PBXBuildFile; fileRef = 0380BD16254A97EB003035D5 /* DeviceUtils.m */; };
		0380BD1B254A980B003035D5 /* ReplaceUnicode.m in Sources */ = {isa = PBXBuildFile; fileRef = 0380BD19254A9808003035D5 /* ReplaceUnicode.m */; };
		0380BD1C254A980B003035D5 /* ReplaceUnicode.h in Headers */ = {isa = PBXBuildFile; fileRef = 0380BD1A254A980B003035D5 /* ReplaceUnicode.h */; };
		0380BD25254A982F003035D5 /* SearchManager.h in Headers */ = {isa = PBXBuildFile; fileRef = 0380BD1D254A982E003035D5 /* SearchManager.h */; };
		0380BD26254A982F003035D5 /* SearchViewController.m in Sources */ = {isa = PBXBuildFile; fileRef = 0380BD1E254A982E003035D5 /* SearchViewController.m */; };
		0380BD27254A982F003035D5 /* SearchRecordTableViewCell.m in Sources */ = {isa = PBXBuildFile; fileRef = 0380BD1F254A982E003035D5 /* SearchRecordTableViewCell.m */; };
		0380BD28254A982F003035D5 /* SearchRecordTableViewCell.h in Headers */ = {isa = PBXBuildFile; fileRef = 0380BD20254A982E003035D5 /* SearchRecordTableViewCell.h */; };
		0380BD29254A982F003035D5 /* SearchManager.m in Sources */ = {isa = PBXBuildFile; fileRef = 0380BD21254A982E003035D5 /* SearchManager.m */; };
		0380BD2A254A982F003035D5 /* SearchResultTableViewCell.m in Sources */ = {isa = PBXBuildFile; fileRef = 0380BD22254A982E003035D5 /* SearchResultTableViewCell.m */; };
		0380BD2B254A982F003035D5 /* SearchResultTableViewCell.h in Headers */ = {isa = PBXBuildFile; fileRef = 0380BD23254A982E003035D5 /* SearchResultTableViewCell.h */; };
		0380BD2C254A982F003035D5 /* SearchViewController.h in Headers */ = {isa = PBXBuildFile; fileRef = 0380BD24254A982F003035D5 /* SearchViewController.h */; };
		0380BD2F254A984A003035D5 /* NavigationViewController.h in Headers */ = {isa = PBXBuildFile; fileRef = 0380BD2D254A9849003035D5 /* NavigationViewController.h */; };
		0380BD30254A984A003035D5 /* NavigationViewController.m in Sources */ = {isa = PBXBuildFile; fileRef = 0380BD2E254A984A003035D5 /* NavigationViewController.m */; };
		0380BD33254A9B25003035D5 /* SVProgressHUD.bundle in Resources */ = {isa = PBXBuildFile; fileRef = 0380BD32254A9B25003035D5 /* SVProgressHUD.bundle */; };
		0380BD3A254A9B44003035D5 /* SVIndefiniteAnimatedView.m in Sources */ = {isa = PBXBuildFile; fileRef = 0380BD35254A9B43003035D5 /* SVIndefiniteAnimatedView.m */; };
		0380BD3B254A9B44003035D5 /* SVProgressAnimatedView.h in Headers */ = {isa = PBXBuildFile; fileRef = 0380BD36254A9B44003035D5 /* SVProgressAnimatedView.h */; };
		0380BD3C254A9B44003035D5 /* SVIndefiniteAnimatedView.h in Headers */ = {isa = PBXBuildFile; fileRef = 0380BD37254A9B44003035D5 /* SVIndefiniteAnimatedView.h */; };
		0380BD3D254A9B44003035D5 /* SVProgressAnimatedView.m in Sources */ = {isa = PBXBuildFile; fileRef = 0380BD38254A9B44003035D5 /* SVProgressAnimatedView.m */; };
		0380BD3E254A9B44003035D5 /* SVProgressHUD-Prefix.pch in Headers */ = {isa = PBXBuildFile; fileRef = 0380BD39254A9B44003035D5 /* SVProgressHUD-Prefix.pch */; };
		0380BD43254A9B4B003035D5 /* SVRadialGradientLayer.m in Sources */ = {isa = PBXBuildFile; fileRef = 0380BD3F254A9B4B003035D5 /* SVRadialGradientLayer.m */; };
		0380BD44254A9B4B003035D5 /* SVRadialGradientLayer.h in Headers */ = {isa = PBXBuildFile; fileRef = 0380BD40254A9B4B003035D5 /* SVRadialGradientLayer.h */; };
		0380BD45254A9B4B003035D5 /* SVProgressHUD.m in Sources */ = {isa = PBXBuildFile; fileRef = 0380BD41254A9B4B003035D5 /* SVProgressHUD.m */; };
		0380BD46254A9B4B003035D5 /* SVProgressHUD.h in Headers */ = {isa = PBXBuildFile; fileRef = 0380BD42254A9B4B003035D5 /* SVProgressHUD.h */; };
		0380BD49254A9C3A003035D5 /* CarPlanController.m in Sources */ = {isa = PBXBuildFile; fileRef = 0380BD47254A9C39003035D5 /* CarPlanController.m */; };
		0380BD4A254A9C3A003035D5 /* CarPlanController.h in Headers */ = {isa = PBXBuildFile; fileRef = 0380BD48254A9C3A003035D5 /* CarPlanController.h */; };
		0380BD4F254A9D29003035D5 /* RoutePolyline.h in Headers */ = {isa = PBXBuildFile; fileRef = 0380BD4B254A9D28003035D5 /* RoutePolyline.h */; };
		0380BD50254A9D29003035D5 /* NaviPoi.m in Sources */ = {isa = PBXBuildFile; fileRef = 0380BD4C254A9D29003035D5 /* NaviPoi.m */; };
		0380BD51254A9D29003035D5 /* NaviPoi.h in Headers */ = {isa = PBXBuildFile; fileRef = 0380BD4D254A9D29003035D5 /* NaviPoi.h */; };
		0380BD52254A9D29003035D5 /* RoutePolyline.m in Sources */ = {isa = PBXBuildFile; fileRef = 0380BD4E254A9D29003035D5 /* RoutePolyline.m */; };
		03B0AFAB23B5ABC6000BF8BC /* DefaultNaviController.h in Headers */ = {isa = PBXBuildFile; fileRef = 03B0AFA923B5ABC6000BF8BC /* DefaultNaviController.h */; };
		03B0AFAC23B5ABC6000BF8BC /* DefaultNaviController.m in Sources */ = {isa = PBXBuildFile; fileRef = 03B0AFAA23B5ABC6000BF8BC /* DefaultNaviController.m */; };
		03DF98C824285FF900A7752C /* TrafficPolyline.h in Headers */ = {isa = PBXBuildFile; fileRef = 03DF98C624285FF900A7752C /* TrafficPolyline.h */; };
		03DF98C924285FF900A7752C /* TrafficPolyline.m in Sources */ = {isa = PBXBuildFile; fileRef = 03DF98C724285FF900A7752C /* TrafficPolyline.m */; };
		319793F51F3471ED007486B9 /* ball.png in Resources */ = {isa = PBXBuildFile; fileRef = 319793F41F3471DB007486B9 /* ball.png */; };
		31BFE8DA1F3464180026C9BB /* colorSample.png in Resources */ = {isa = PBXBuildFile; fileRef = 31BFE8D91F3463FC0026C9BB /* colorSample.png */; };
		31BFE8E61F34675B0026C9BB /* foot.jpg in Resources */ = {isa = PBXBuildFile; fileRef = 31BFE8E51F3467550026C9BB /* foot.jpg */; };
		31BFE8E81F346D760026C9BB /* arrow.png in Resources */ = {isa = PBXBuildFile; fileRef = 31BFE8E71F346D6F0026C9BB /* arrow.png */; };
		603D1FDE211D234E0017CE94 /* AddMapKitNaviController.m in Sources */ = {isa = PBXBuildFile; fileRef = 603D1FDD211D234E0017CE94 /* AddMapKitNaviController.m */; };
		6052EDA2211A9A88008A4FF2 /* NaviModeController.m in Sources */ = {isa = PBXBuildFile; fileRef = 6052EDA1211A9A88008A4FF2 /* NaviModeController.m */; };
		6052EDA5211AB421008A4FF2 /* NaviDayNightController.m in Sources */ = {isa = PBXBuildFile; fileRef = 6052EDA4211AB421008A4FF2 /* NaviDayNightController.m */; };
		6052EDA8211AB99F008A4FF2 /* NaviRouteWidthController.m in Sources */ = {isa = PBXBuildFile; fileRef = 6052EDA7211AB99F008A4FF2 /* NaviRouteWidthController.m */; };
		6052EDAB211ADFAD008A4FF2 /* CustomNaviController.m in Sources */ = {isa = PBXBuildFile; fileRef = 6052EDAA211ADFAD008A4FF2 /* CustomNaviController.m */; };
		6052EDAE211B046F008A4FF2 /* AddKitNaviController.m in Sources */ = {isa = PBXBuildFile; fileRef = 6052EDAD211B046F008A4FF2 /* AddKitNaviController.m */; };
		60EEBA34211875E0008CFEF0 /* BaseNaviViewController.m in Sources */ = {isa = PBXBuildFile; fileRef = 60EEBA33211875E0008CFEF0 /* BaseNaviViewController.m */; };
		60EEBA3621194128008CFEF0 /* WebP.framework in Frameworks */ = {isa = PBXBuildFile; fileRef = 60B89DA621144C6900A678A6 /* WebP.framework */; };
		60EEBA3821195212008CFEF0 /* NaviSearchRoutes.m in Sources */ = {isa = PBXBuildFile; fileRef = 60EEBA3721195212008CFEF0 /* NaviSearchRoutes.m */; };
		60EEBA3B2119AE04008CFEF0 /* RealNaviController.m in Sources */ = {isa = PBXBuildFile; fileRef = 60EEBA3A2119AE03008CFEF0 /* RealNaviController.m */; };
		60EEBA3E2119B482008CFEF0 /* SimuNaviController.m in Sources */ = {isa = PBXBuildFile; fileRef = 60EEBA3D2119B482008CFEF0 /* SimuNaviController.m */; };
		655F304A1F1CBA8B00FA20A9 /* libc++.tbd in Frameworks */ = {isa = PBXBuildFile; fileRef = 655F30491F1CBA8B00FA20A9 /* libc++.tbd */; };
		655F304C1F1CBA8F00FA20A9 /* libsqlite3.0.tbd in Frameworks */ = {isa = PBXBuildFile; fileRef = 655F304B1F1CBA8F00FA20A9 /* libsqlite3.0.tbd */; };
		65A0CD891F16008B00811B83 /* main.m in Sources */ = {isa = PBXBuildFile; fileRef = 65A0CD881F16008B00811B83 /* main.m */; };
		65A0CD8C1F16008B00811B83 /* AppDelegate.m in Sources */ = {isa = PBXBuildFile; fileRef = 65A0CD8B1F16008B00811B83 /* AppDelegate.m */; };
		65A0CD941F16008B00811B83 /* Assets.xcassets in Resources */ = {isa = PBXBuildFile; fileRef = 65A0CD931F16008B00811B83 /* Assets.xcassets */; };
		65A0CD971F16008B00811B83 /* LaunchScreen.storyboard in Resources */ = {isa = PBXBuildFile; fileRef = 65A0CD951F16008B00811B83 /* LaunchScreen.storyboard */; };
		65A0CDEA1F1601F000811B83 /* EntryData.m in Sources */ = {isa = PBXBuildFile; fileRef = 65A0CDC71F1601F000811B83 /* EntryData.m */; };
		65A0CDEB1F1601F000811B83 /* EntryViewController.m in Sources */ = {isa = PBXBuildFile; fileRef = 65A0CDC91F1601F000811B83 /* EntryViewController.m */; };
		65A0CDEF1F1601F000811B83 /* car@2x.png in Resources */ = {isa = PBXBuildFile; fileRef = 65A0CDD21F1601F000811B83 /* car@2x.png */; };
		65A0CDF01F1601F000811B83 /* good@2x.png in Resources */ = {isa = PBXBuildFile; fileRef = 65A0CDD31F1601F000811B83 /* good@2x.png */; };
		65A0CDF11F1601F000811B83 /* gps_map@2x.png in Resources */ = {isa = PBXBuildFile; fileRef = 65A0CDD41F1601F000811B83 /* gps_map@2x.png */; };
		65A0CDF21F1601F000811B83 /* heatTest_2.heat in Resources */ = {isa = PBXBuildFile; fileRef = 65A0CDD51F1601F000811B83 /* heatTest_2.heat */; };
		65A0CDF31F1601F000811B83 /* marker@2x.png in Resources */ = {isa = PBXBuildFile; fileRef = 65A0CDD61F1601F000811B83 /* marker@2x.png */; };
		65A0CDF51F1601F000811B83 /* test_location_1@2x.png in Resources */ = {isa = PBXBuildFile; fileRef = 65A0CDD81F1601F000811B83 /* test_location_1@2x.png */; };
		8FA8D495217878B800D0E884 /* QMapKit.framework in Frameworks */ = {isa = PBXBuildFile; fileRef = 8FA8D494217878B800D0E884 /* QMapKit.framework */; };
/* End PBXBuildFile section */

/* Begin PBXCopyFilesBuildPhase section */
		60B89DA3211441EA00A678A6 /* CopyFiles */ = {
			isa = PBXCopyFilesBuildPhase;
			buildActionMask = 2147483647;
			dstPath = "";
			dstSubfolderSpec = 7;
			files = (
			);
			runOnlyForDeploymentPostprocessing = 0;
		};
		65A0CDF81F16020400811B83 /* Embed Frameworks */ = {
			isa = PBXCopyFilesBuildPhase;
			buildActionMask = 2147483647;
			dstPath = "";
			dstSubfolderSpec = 10;
			files = (
			);
			name = "Embed Frameworks";
			runOnlyForDeploymentPostprocessing = 0;
		};
/* End PBXCopyFilesBuildPhase section */

/* Begin PBXFileReference section */
		030CBF6624E38C8A0017E616 /* TencentLBS.framework */ = {isa = PBXFileReference; lastKnownFileType = wrapper.framework; path = TencentLBS.framework; sourceTree = "<group>"; };
		030CBF6A24E38F780017E616 /* WalkNaviViewController.h */ = {isa = PBXFileReference; lastKnownFileType = sourcecode.c.h; path = WalkNaviViewController.h; sourceTree = "<group>"; };
		030CBF6B24E38F780017E616 /* WalkNaviViewController.m */ = {isa = PBXFileReference; lastKnownFileType = sourcecode.c.objc; path = WalkNaviViewController.m; sourceTree = "<group>"; };
		030CBF6E24E38F870017E616 /* RideNaviViewController.h */ = {isa = PBXFileReference; lastKnownFileType = sourcecode.c.h; path = RideNaviViewController.h; sourceTree = "<group>"; };
		030CBF6F24E38F870017E616 /* RideNaviViewController.m */ = {isa = PBXFileReference; lastKnownFileType = sourcecode.c.objc; path = RideNaviViewController.m; sourceTree = "<group>"; };
		030CBF7224E3ACF60017E616 /* TNKNavigationKit.framework */ = {isa = PBXFileReference; lastKnownFileType = wrapper.framework; path = TNKNavigationKit.framework; sourceTree = "<group>"; };
		030CBF7424E3AD3B0017E616 /* TencentNavigationKit.bundle */ = {isa = PBXFileReference; lastKnownFileType = "wrapper.plug-in"; name = TencentNavigationKit.bundle; path = QMapKitDemo/library/TNKNavigationKit.framework/TencentNavigationKit.bundle; sourceTree = "<group>"; };
		030CBF7624E3BE9E0017E616 /* TencentNavigationKit.bundle */ = {isa = PBXFileReference; lastKnownFileType = "wrapper.plug-in"; name = TencentNavigationKit.bundle; path = QMapKitDemo/library/TNKNavigationKit/TNKNavigationKit.framework/TencentNavigationKit.bundle; sourceTree = "<group>"; };
		030CBF7824ECCB1C0017E616 /* NaviRouteColorViewController.h */ = {isa = PBXFileReference; lastKnownFileType = sourcecode.c.h; path = NaviRouteColorViewController.h; sourceTree = "<group>"; };
		030CBF7924ECCB1C0017E616 /* NaviRouteColorViewController.m */ = {isa = PBXFileReference; lastKnownFileType = sourcecode.c.objc; path = NaviRouteColorViewController.m; sourceTree = "<group>"; };
		030CBF7C24ECCCA60017E616 /* NaviRouteSymbolGapViewController.h */ = {isa = PBXFileReference; lastKnownFileType = sourcecode.c.h; path = NaviRouteSymbolGapViewController.h; sourceTree = "<group>"; };
		030CBF7D24ECCCA60017E616 /* NaviRouteSymbolGapViewController.m */ = {isa = PBXFileReference; lastKnownFileType = sourcecode.c.objc; path = NaviRouteSymbolGapViewController.m; sourceTree = "<group>"; };
		03538FFE246A8B71002DE0CF /* QMapKit.bundle */ = {isa = PBXFileReference; lastKnownFileType = "wrapper.plug-in"; name = QMapKit.bundle; path = QMapKitDemo/library/QMapKit/QMapKit.framework/QMapKit.bundle; sourceTree = "<group>"; };
		0380BCF4254A7225003035D5 /* AutoScaleViewController.h */ = {isa = PBXFileReference; lastKnownFileType = sourcecode.c.h; path = AutoScaleViewController.h; sourceTree = "<group>"; };
		0380BCF5254A7225003035D5 /* AutoScaleViewController.m */ = {isa = PBXFileReference; lastKnownFileType = sourcecode.c.objc; path = AutoScaleViewController.m; sourceTree = "<group>"; };
		0380BD11254A97DF003035D5 /* MathTool.m */ = {isa = PBXFileReference; fileEncoding = 4; lastKnownFileType = sourcecode.c.objc; path = MathTool.m; sourceTree = "<group>"; };
		0380BD12254A97E0003035D5 /* MathTool.h */ = {isa = PBXFileReference; fileEncoding = 4; lastKnownFileType = sourcecode.c.h; path = MathTool.h; sourceTree = "<group>"; };
		0380BD15254A97EB003035D5 /* DeviceUtils.h */ = {isa = PBXFileReference; fileEncoding = 4; lastKnownFileType = sourcecode.c.h; path = DeviceUtils.h; sourceTree = "<group>"; };
		0380BD16254A97EB003035D5 /* DeviceUtils.m */ = {isa = PBXFileReference; fileEncoding = 4; lastKnownFileType = sourcecode.c.objc; path = DeviceUtils.m; sourceTree = "<group>"; };
		0380BD19254A9808003035D5 /* ReplaceUnicode.m */ = {isa = PBXFileReference; fileEncoding = 4; lastKnownFileType = sourcecode.c.objc; path = ReplaceUnicode.m; sourceTree = "<group>"; };
		0380BD1A254A980B003035D5 /* ReplaceUnicode.h */ = {isa = PBXFileReference; fileEncoding = 4; lastKnownFileType = sourcecode.c.h; path = ReplaceUnicode.h; sourceTree = "<group>"; };
		0380BD1D254A982E003035D5 /* SearchManager.h */ = {isa = PBXFileReference; fileEncoding = 4; lastKnownFileType = sourcecode.c.h; path = SearchManager.h; sourceTree = "<group>"; };
		0380BD1E254A982E003035D5 /* SearchViewController.m */ = {isa = PBXFileReference; fileEncoding = 4; lastKnownFileType = sourcecode.c.objc; path = SearchViewController.m; sourceTree = "<group>"; };
		0380BD1F254A982E003035D5 /* SearchRecordTableViewCell.m */ = {isa = PBXFileReference; fileEncoding = 4; lastKnownFileType = sourcecode.c.objc; path = SearchRecordTableViewCell.m; sourceTree = "<group>"; };
		0380BD20254A982E003035D5 /* SearchRecordTableViewCell.h */ = {isa = PBXFileReference; fileEncoding = 4; lastKnownFileType = sourcecode.c.h; path = SearchRecordTableViewCell.h; sourceTree = "<group>"; };
		0380BD21254A982E003035D5 /* SearchManager.m */ = {isa = PBXFileReference; fileEncoding = 4; lastKnownFileType = sourcecode.c.objc; path = SearchManager.m; sourceTree = "<group>"; };
		0380BD22254A982E003035D5 /* SearchResultTableViewCell.m */ = {isa = PBXFileReference; fileEncoding = 4; lastKnownFileType = sourcecode.c.objc; path = SearchResultTableViewCell.m; sourceTree = "<group>"; };
		0380BD23254A982E003035D5 /* SearchResultTableViewCell.h */ = {isa = PBXFileReference; fileEncoding = 4; lastKnownFileType = sourcecode.c.h; path = SearchResultTableViewCell.h; sourceTree = "<group>"; };
		0380BD24254A982F003035D5 /* SearchViewController.h */ = {isa = PBXFileReference; fileEncoding = 4; lastKnownFileType = sourcecode.c.h; path = SearchViewController.h; sourceTree = "<group>"; };
		0380BD2D254A9849003035D5 /* NavigationViewController.h */ = {isa = PBXFileReference; fileEncoding = 4; lastKnownFileType = sourcecode.c.h; path = NavigationViewController.h; sourceTree = "<group>"; };
		0380BD2E254A984A003035D5 /* NavigationViewController.m */ = {isa = PBXFileReference; fileEncoding = 4; lastKnownFileType = sourcecode.c.objc; path = NavigationViewController.m; sourceTree = "<group>"; };
		0380BD32254A9B25003035D5 /* SVProgressHUD.bundle */ = {isa = PBXFileReference; lastKnownFileType = "wrapper.plug-in"; path = SVProgressHUD.bundle; sourceTree = "<group>"; };
		0380BD35254A9B43003035D5 /* SVIndefiniteAnimatedView.m */ = {isa = PBXFileReference; fileEncoding = 4; lastKnownFileType = sourcecode.c.objc; path = SVIndefiniteAnimatedView.m; sourceTree = "<group>"; };
		0380BD36254A9B44003035D5 /* SVProgressAnimatedView.h */ = {isa = PBXFileReference; fileEncoding = 4; lastKnownFileType = sourcecode.c.h; path = SVProgressAnimatedView.h; sourceTree = "<group>"; };
		0380BD37254A9B44003035D5 /* SVIndefiniteAnimatedView.h */ = {isa = PBXFileReference; fileEncoding = 4; lastKnownFileType = sourcecode.c.h; path = SVIndefiniteAnimatedView.h; sourceTree = "<group>"; };
		0380BD38254A9B44003035D5 /* SVProgressAnimatedView.m */ = {isa = PBXFileReference; fileEncoding = 4; lastKnownFileType = sourcecode.c.objc; path = SVProgressAnimatedView.m; sourceTree = "<group>"; };
		0380BD39254A9B44003035D5 /* SVProgressHUD-Prefix.pch */ = {isa = PBXFileReference; fileEncoding = 4; lastKnownFileType = sourcecode.c.h; path = "SVProgressHUD-Prefix.pch"; sourceTree = "<group>"; };
		0380BD3F254A9B4B003035D5 /* SVRadialGradientLayer.m */ = {isa = PBXFileReference; fileEncoding = 4; lastKnownFileType = sourcecode.c.objc; path = SVRadialGradientLayer.m; sourceTree = "<group>"; };
		0380BD40254A9B4B003035D5 /* SVRadialGradientLayer.h */ = {isa = PBXFileReference; fileEncoding = 4; lastKnownFileType = sourcecode.c.h; path = SVRadialGradientLayer.h; sourceTree = "<group>"; };
		0380BD41254A9B4B003035D5 /* SVProgressHUD.m */ = {isa = PBXFileReference; fileEncoding = 4; lastKnownFileType = sourcecode.c.objc; path = SVProgressHUD.m; sourceTree = "<group>"; };
		0380BD42254A9B4B003035D5 /* SVProgressHUD.h */ = {isa = PBXFileReference; fileEncoding = 4; lastKnownFileType = sourcecode.c.h; path = SVProgressHUD.h; sourceTree = "<group>"; };
		0380BD47254A9C39003035D5 /* CarPlanController.m */ = {isa = PBXFileReference; fileEncoding = 4; lastKnownFileType = sourcecode.c.objc; path = CarPlanController.m; sourceTree = "<group>"; };
		0380BD48254A9C3A003035D5 /* CarPlanController.h */ = {isa = PBXFileReference; fileEncoding = 4; lastKnownFileType = sourcecode.c.h; path = CarPlanController.h; sourceTree = "<group>"; };
		0380BD4B254A9D28003035D5 /* RoutePolyline.h */ = {isa = PBXFileReference; fileEncoding = 4; lastKnownFileType = sourcecode.c.h; path = RoutePolyline.h; sourceTree = "<group>"; };
		0380BD4C254A9D29003035D5 /* NaviPoi.m */ = {isa = PBXFileReference; fileEncoding = 4; lastKnownFileType = sourcecode.c.objc; path = NaviPoi.m; sourceTree = "<group>"; };
		0380BD4D254A9D29003035D5 /* NaviPoi.h */ = {isa = PBXFileReference; fileEncoding = 4; lastKnownFileType = sourcecode.c.h; path = NaviPoi.h; sourceTree = "<group>"; };
		0380BD4E254A9D29003035D5 /* RoutePolyline.m */ = {isa = PBXFileReference; fileEncoding = 4; lastKnownFileType = sourcecode.c.objc; path = RoutePolyline.m; sourceTree = "<group>"; };
		03B0AFA923B5ABC6000BF8BC /* DefaultNaviController.h */ = {isa = PBXFileReference; lastKnownFileType = sourcecode.c.h; path = DefaultNaviController.h; sourceTree = "<group>"; };
		03B0AFAA23B5ABC6000BF8BC /* DefaultNaviController.m */ = {isa = PBXFileReference; lastKnownFileType = sourcecode.c.objc; path = DefaultNaviController.m; sourceTree = "<group>"; };
		03DF98C624285FF900A7752C /* TrafficPolyline.h */ = {isa = PBXFileReference; fileEncoding = 4; lastKnownFileType = sourcecode.c.h; path = TrafficPolyline.h; sourceTree = "<group>"; };
		03DF98C724285FF900A7752C /* TrafficPolyline.m */ = {isa = PBXFileReference; fileEncoding = 4; lastKnownFileType = sourcecode.c.objc; path = TrafficPolyline.m; sourceTree = "<group>"; };
		319793F41F3471DB007486B9 /* ball.png */ = {isa = PBXFileReference; lastKnownFileType = image.png; path = ball.png; sourceTree = "<group>"; };
		31BFE8D91F3463FC0026C9BB /* colorSample.png */ = {isa = PBXFileReference; lastKnownFileType = image.png; path = colorSample.png; sourceTree = "<group>"; };
		31BFE8E51F3467550026C9BB /* foot.jpg */ = {isa = PBXFileReference; lastKnownFileType = image.jpeg; path = foot.jpg; sourceTree = "<group>"; };
		31BFE8E71F346D6F0026C9BB /* arrow.png */ = {isa = PBXFileReference; lastKnownFileType = image.png; path = arrow.png; sourceTree = "<group>"; };
		603D1FDC211D230D0017CE94 /* AddMapKitNaviController.h */ = {isa = PBXFileReference; lastKnownFileType = sourcecode.c.h; path = AddMapKitNaviController.h; sourceTree = "<group>"; };
		603D1FDD211D234E0017CE94 /* AddMapKitNaviController.m */ = {isa = PBXFileReference; lastKnownFileType = sourcecode.c.objc; path = AddMapKitNaviController.m; sourceTree = "<group>"; };
		6052EDA0211A9820008A4FF2 /* NaviModeController.h */ = {isa = PBXFileReference; lastKnownFileType = sourcecode.c.h; path = NaviModeController.h; sourceTree = "<group>"; };
		6052EDA1211A9A88008A4FF2 /* NaviModeController.m */ = {isa = PBXFileReference; lastKnownFileType = sourcecode.c.objc; path = NaviModeController.m; sourceTree = "<group>"; };
		6052EDA3211AB3DD008A4FF2 /* NaviDayNightController.h */ = {isa = PBXFileReference; lastKnownFileType = sourcecode.c.h; path = NaviDayNightController.h; sourceTree = "<group>"; };
		6052EDA4211AB421008A4FF2 /* NaviDayNightController.m */ = {isa = PBXFileReference; lastKnownFileType = sourcecode.c.objc; path = NaviDayNightController.m; sourceTree = "<group>"; };
		6052EDA6211AB96C008A4FF2 /* NaviRouteWidthController.h */ = {isa = PBXFileReference; lastKnownFileType = sourcecode.c.h; path = NaviRouteWidthController.h; sourceTree = "<group>"; };
		6052EDA7211AB99F008A4FF2 /* NaviRouteWidthController.m */ = {isa = PBXFileReference; lastKnownFileType = sourcecode.c.objc; path = NaviRouteWidthController.m; sourceTree = "<group>"; };
		6052EDA9211ADC2B008A4FF2 /* CustomNaviController.h */ = {isa = PBXFileReference; lastKnownFileType = sourcecode.c.h; path = CustomNaviController.h; sourceTree = "<group>"; };
		6052EDAA211ADFAD008A4FF2 /* CustomNaviController.m */ = {isa = PBXFileReference; lastKnownFileType = sourcecode.c.objc; path = CustomNaviController.m; sourceTree = "<group>"; };
		6052EDAC211B045A008A4FF2 /* AddKitNaviController.h */ = {isa = PBXFileReference; lastKnownFileType = sourcecode.c.h; path = AddKitNaviController.h; sourceTree = "<group>"; };
		6052EDAD211B046F008A4FF2 /* AddKitNaviController.m */ = {isa = PBXFileReference; lastKnownFileType = sourcecode.c.objc; path = AddKitNaviController.m; sourceTree = "<group>"; };
		60B89DA621144C6900A678A6 /* WebP.framework */ = {isa = PBXFileReference; lastKnownFileType = wrapper.framework; path = WebP.framework; sourceTree = "<group>"; };
		60EEBA32211874F0008CFEF0 /* BaseNaviViewController.h */ = {isa = PBXFileReference; lastKnownFileType = sourcecode.c.h; name = BaseNaviViewController.h; path = ../Navi/BaseNaviViewController.h; sourceTree = "<group>"; };
		60EEBA33211875E0008CFEF0 /* BaseNaviViewController.m */ = {isa = PBXFileReference; lastKnownFileType = sourcecode.c.objc; path = BaseNaviViewController.m; sourceTree = "<group>"; };
		60EEBA3521193DE3008CFEF0 /* NaviSearchRoutes.h */ = {isa = PBXFileReference; lastKnownFileType = sourcecode.c.h; path = NaviSearchRoutes.h; sourceTree = "<group>"; };
		60EEBA3721195212008CFEF0 /* NaviSearchRoutes.m */ = {isa = PBXFileReference; lastKnownFileType = sourcecode.c.objc; path = NaviSearchRoutes.m; sourceTree = "<group>"; };
		60EEBA392119ACDF008CFEF0 /* RealNaviController.h */ = {isa = PBXFileReference; lastKnownFileType = sourcecode.c.h; path = RealNaviController.h; sourceTree = "<group>"; };
		60EEBA3A2119AE03008CFEF0 /* RealNaviController.m */ = {isa = PBXFileReference; lastKnownFileType = sourcecode.c.objc; path = RealNaviController.m; sourceTree = "<group>"; };
		60EEBA3C2119B442008CFEF0 /* SimuNaviController.h */ = {isa = PBXFileReference; lastKnownFileType = sourcecode.c.h; path = SimuNaviController.h; sourceTree = "<group>"; };
		60EEBA3D2119B482008CFEF0 /* SimuNaviController.m */ = {isa = PBXFileReference; lastKnownFileType = sourcecode.c.objc; path = SimuNaviController.m; sourceTree = "<group>"; };
		655F30491F1CBA8B00FA20A9 /* libc++.tbd */ = {isa = PBXFileReference; lastKnownFileType = "sourcecode.text-based-dylib-definition"; name = "libc++.tbd"; path = "usr/lib/libc++.tbd"; sourceTree = SDKROOT; };
		655F304B1F1CBA8F00FA20A9 /* libsqlite3.0.tbd */ = {isa = PBXFileReference; lastKnownFileType = "sourcecode.text-based-dylib-definition"; name = libsqlite3.0.tbd; path = usr/lib/libsqlite3.0.tbd; sourceTree = SDKROOT; };
		65A0CD841F16008B00811B83 /* QMapKitDemo.app */ = {isa = PBXFileReference; explicitFileType = wrapper.application; includeInIndex = 0; path = QMapKitDemo.app; sourceTree = BUILT_PRODUCTS_DIR; };
		65A0CD881F16008B00811B83 /* main.m */ = {isa = PBXFileReference; lastKnownFileType = sourcecode.c.objc; path = main.m; sourceTree = "<group>"; };
		65A0CD8A1F16008B00811B83 /* AppDelegate.h */ = {isa = PBXFileReference; lastKnownFileType = sourcecode.c.h; path = AppDelegate.h; sourceTree = "<group>"; };
		65A0CD8B1F16008B00811B83 /* AppDelegate.m */ = {isa = PBXFileReference; lastKnownFileType = sourcecode.c.objc; path = AppDelegate.m; sourceTree = "<group>"; };
		65A0CD931F16008B00811B83 /* Assets.xcassets */ = {isa = PBXFileReference; lastKnownFileType = folder.assetcatalog; path = Assets.xcassets; sourceTree = "<group>"; };
		65A0CD961F16008B00811B83 /* Base */ = {isa = PBXFileReference; lastKnownFileType = file.storyboard; name = Base; path = Base.lproj/LaunchScreen.storyboard; sourceTree = "<group>"; };
		65A0CD981F16008B00811B83 /* Info.plist */ = {isa = PBXFileReference; lastKnownFileType = text.plist.xml; path = Info.plist; sourceTree = "<group>"; };
		65A0CDC61F1601F000811B83 /* EntryData.h */ = {isa = PBXFileReference; fileEncoding = 4; lastKnownFileType = sourcecode.c.h; path = EntryData.h; sourceTree = "<group>"; };
		65A0CDC71F1601F000811B83 /* EntryData.m */ = {isa = PBXFileReference; fileEncoding = 4; lastKnownFileType = sourcecode.c.objc; path = EntryData.m; sourceTree = "<group>"; };
		65A0CDC81F1601F000811B83 /* EntryViewController.h */ = {isa = PBXFileReference; fileEncoding = 4; lastKnownFileType = sourcecode.c.h; path = EntryViewController.h; sourceTree = "<group>"; };
		65A0CDC91F1601F000811B83 /* EntryViewController.m */ = {isa = PBXFileReference; fileEncoding = 4; lastKnownFileType = sourcecode.c.objc; path = EntryViewController.m; sourceTree = "<group>"; };
		65A0CDD21F1601F000811B83 /* car@2x.png */ = {isa = PBXFileReference; lastKnownFileType = image.png; path = "car@2x.png"; sourceTree = "<group>"; };
		65A0CDD31F1601F000811B83 /* good@2x.png */ = {isa = PBXFileReference; lastKnownFileType = image.png; path = "good@2x.png"; sourceTree = "<group>"; };
		65A0CDD41F1601F000811B83 /* gps_map@2x.png */ = {isa = PBXFileReference; lastKnownFileType = image.png; path = "gps_map@2x.png"; sourceTree = "<group>"; };
		65A0CDD51F1601F000811B83 /* heatTest_2.heat */ = {isa = PBXFileReference; fileEncoding = 4; lastKnownFileType = text; path = heatTest_2.heat; sourceTree = "<group>"; };
		65A0CDD61F1601F000811B83 /* marker@2x.png */ = {isa = PBXFileReference; lastKnownFileType = image.png; path = "marker@2x.png"; sourceTree = "<group>"; };
		65A0CDD81F1601F000811B83 /* test_location_1@2x.png */ = {isa = PBXFileReference; lastKnownFileType = image.png; path = "test_location_1@2x.png"; sourceTree = "<group>"; };
		8C7CFDD420C8CAE90057BCB5 /* QMapKit.bundle */ = {isa = PBXFileReference; lastKnownFileType = "wrapper.plug-in"; name = QMapKit.bundle; path = QMapKitDemo/library/QMapKit.framework/QMapKit.bundle; sourceTree = SOURCE_ROOT; };
		8FA8D494217878B800D0E884 /* QMapKit.framework */ = {isa = PBXFileReference; lastKnownFileType = wrapper.framework; path = QMapKit.framework; sourceTree = "<group>"; };
/* End PBXFileReference section */

/* Begin PBXFrameworksBuildPhase section */
		65A0CD811F16008B00811B83 /* Frameworks */ = {
			isa = PBXFrameworksBuildPhase;
			buildActionMask = 2147483647;
			files = (
				8FA8D495217878B800D0E884 /* QMapKit.framework in Frameworks */,
				60EEBA3621194128008CFEF0 /* WebP.framework in Frameworks */,
				030CBF6724E38C8B0017E616 /* TencentLBS.framework in Frameworks */,
				655F304C1F1CBA8F00FA20A9 /* libsqlite3.0.tbd in Frameworks */,
				655F304A1F1CBA8B00FA20A9 /* libc++.tbd in Frameworks */,
				030CBF7324E3ACF60017E616 /* TNKNavigationKit.framework in Frameworks */,
			);
			runOnlyForDeploymentPostprocessing = 0;
		};
/* End PBXFrameworksBuildPhase section */

/* Begin PBXGroup section */
		030CBF6824E38F360017E616 /* WalkNavi */ = {
			isa = PBXGroup;
			children = (
				030CBF6A24E38F780017E616 /* WalkNaviViewController.h */,
				030CBF6B24E38F780017E616 /* WalkNaviViewController.m */,
			);
			path = WalkNavi;
			sourceTree = "<group>";
		};
		030CBF6924E38F430017E616 /* RideNavi */ = {
			isa = PBXGroup;
			children = (
				030CBF6E24E38F870017E616 /* RideNaviViewController.h */,
				030CBF6F24E38F870017E616 /* RideNaviViewController.m */,
			);
			path = RideNavi;
			sourceTree = "<group>";
		};
		0380BCF9254A76FE003035D5 /* NaviProcess */ = {
			isa = PBXGroup;
			children = (
				0380BD09254A7C79003035D5 /* Plan */,
				0380BD0A254A7C88003035D5 /* Navigation */,
				0380BD0B254A7C96003035D5 /* Search */,
			);
			path = NaviProcess;
			sourceTree = "<group>";
		};
		0380BD09254A7C79003035D5 /* Plan */ = {
			isa = PBXGroup;
			children = (
				0380BD48254A9C3A003035D5 /* CarPlanController.h */,
				0380BD47254A9C39003035D5 /* CarPlanController.m */,
			);
			path = Plan;
			sourceTree = "<group>";
		};
		0380BD0A254A7C88003035D5 /* Navigation */ = {
			isa = PBXGroup;
			children = (
				0380BD2D254A9849003035D5 /* NavigationViewController.h */,
				0380BD2E254A984A003035D5 /* NavigationViewController.m */,
			);
			path = Navigation;
			sourceTree = "<group>";
		};
		0380BD0B254A7C96003035D5 /* Search */ = {
			isa = PBXGroup;
			children = (
				0380BD1D254A982E003035D5 /* SearchManager.h */,
				0380BD21254A982E003035D5 /* SearchManager.m */,
				0380BD20254A982E003035D5 /* SearchRecordTableViewCell.h */,
				0380BD1F254A982E003035D5 /* SearchRecordTableViewCell.m */,
				0380BD23254A982E003035D5 /* SearchResultTableViewCell.h */,
				0380BD22254A982E003035D5 /* SearchResultTableViewCell.m */,
				0380BD24254A982F003035D5 /* SearchViewController.h */,
				0380BD1E254A982E003035D5 /* SearchViewController.m */,
			);
			path = Search;
			sourceTree = "<group>";
		};
		0380BD31254A98E6003035D5 /* Dependency */ = {
			isa = PBXGroup;
			children = (
				0380BD34254A9B2B003035D5 /* SVProgressHUD */,
			);
			path = Dependency;
			sourceTree = "<group>";
		};
		0380BD34254A9B2B003035D5 /* SVProgressHUD */ = {
			isa = PBXGroup;
			children = (
				0380BD37254A9B44003035D5 /* SVIndefiniteAnimatedView.h */,
				0380BD35254A9B43003035D5 /* SVIndefiniteAnimatedView.m */,
				0380BD36254A9B44003035D5 /* SVProgressAnimatedView.h */,
				0380BD38254A9B44003035D5 /* SVProgressAnimatedView.m */,
				0380BD39254A9B44003035D5 /* SVProgressHUD-Prefix.pch */,
				0380BD42254A9B4B003035D5 /* SVProgressHUD.h */,
				0380BD41254A9B4B003035D5 /* SVProgressHUD.m */,
				0380BD40254A9B4B003035D5 /* SVRadialGradientLayer.h */,
				0380BD3F254A9B4B003035D5 /* SVRadialGradientLayer.m */,
			);
			path = SVProgressHUD;
			sourceTree = "<group>";
		};
		03DF98C524285FE100A7752C /* Tools */ = {
			isa = PBXGroup;
			children = (
				0380BD12254A97E0003035D5 /* MathTool.h */,
				0380BD11254A97DF003035D5 /* MathTool.m */,
				03DF98C624285FF900A7752C /* TrafficPolyline.h */,
				03DF98C724285FF900A7752C /* TrafficPolyline.m */,
				0380BD4D254A9D29003035D5 /* NaviPoi.h */,
				0380BD4C254A9D29003035D5 /* NaviPoi.m */,
				0380BD4B254A9D28003035D5 /* RoutePolyline.h */,
				0380BD4E254A9D29003035D5 /* RoutePolyline.m */,
				0380BD1A254A980B003035D5 /* ReplaceUnicode.h */,
				0380BD19254A9808003035D5 /* ReplaceUnicode.m */,
				0380BD15254A97EB003035D5 /* DeviceUtils.h */,
				0380BD16254A97EB003035D5 /* DeviceUtils.m */,
			);
			path = Tools;
			sourceTree = "<group>";
		};
		600029EA21172E550044A9CF /* CarNavi */ = {
			isa = PBXGroup;
			children = (
				60EEBA32211874F0008CFEF0 /* BaseNaviViewController.h */,
				60EEBA33211875E0008CFEF0 /* BaseNaviViewController.m */,
				60EEBA3521193DE3008CFEF0 /* NaviSearchRoutes.h */,
				60EEBA3721195212008CFEF0 /* NaviSearchRoutes.m */,
				60EEBA392119ACDF008CFEF0 /* RealNaviController.h */,
				60EEBA3A2119AE03008CFEF0 /* RealNaviController.m */,
				60EEBA3C2119B442008CFEF0 /* SimuNaviController.h */,
				60EEBA3D2119B482008CFEF0 /* SimuNaviController.m */,
				6052EDA0211A9820008A4FF2 /* NaviModeController.h */,
				6052EDA1211A9A88008A4FF2 /* NaviModeController.m */,
				6052EDA3211AB3DD008A4FF2 /* NaviDayNightController.h */,
				6052EDA4211AB421008A4FF2 /* NaviDayNightController.m */,
				6052EDA6211AB96C008A4FF2 /* NaviRouteWidthController.h */,
				6052EDA7211AB99F008A4FF2 /* NaviRouteWidthController.m */,
				030CBF7824ECCB1C0017E616 /* NaviRouteColorViewController.h */,
				030CBF7924ECCB1C0017E616 /* NaviRouteColorViewController.m */,
				030CBF7C24ECCCA60017E616 /* NaviRouteSymbolGapViewController.h */,
				030CBF7D24ECCCA60017E616 /* NaviRouteSymbolGapViewController.m */,
				03B0AFA923B5ABC6000BF8BC /* DefaultNaviController.h */,
				03B0AFAA23B5ABC6000BF8BC /* DefaultNaviController.m */,
				6052EDA9211ADC2B008A4FF2 /* CustomNaviController.h */,
				6052EDAA211ADFAD008A4FF2 /* CustomNaviController.m */,
				6052EDAC211B045A008A4FF2 /* AddKitNaviController.h */,
				6052EDAD211B046F008A4FF2 /* AddKitNaviController.m */,
				603D1FDC211D230D0017CE94 /* AddMapKitNaviController.h */,
				603D1FDD211D234E0017CE94 /* AddMapKitNaviController.m */,
				0380BCF4254A7225003035D5 /* AutoScaleViewController.h */,
				0380BCF5254A7225003035D5 /* AutoScaleViewController.m */,
			);
			path = CarNavi;
			sourceTree = "<group>";
		};
		655F30461F1CBA8700FA20A9 /* Frameworks */ = {
			isa = PBXGroup;
			children = (
				655F304B1F1CBA8F00FA20A9 /* libsqlite3.0.tbd */,
				655F30491F1CBA8B00FA20A9 /* libc++.tbd */,
			);
			name = Frameworks;
			sourceTree = "<group>";
		};
		65A0CD7B1F16008B00811B83 = {
			isa = PBXGroup;
			children = (
				0380BD32254A9B25003035D5 /* SVProgressHUD.bundle */,
				030CBF7424E3AD3B0017E616 /* TencentNavigationKit.bundle */,
				030CBF7624E3BE9E0017E616 /* TencentNavigationKit.bundle */,
				03538FFE246A8B71002DE0CF /* QMapKit.bundle */,
				65A0CD861F16008B00811B83 /* QMapKitDemo */,
				65A0CD851F16008B00811B83 /* Products */,
				655F30461F1CBA8700FA20A9 /* Frameworks */,
			);
			sourceTree = "<group>";
		};
		65A0CD851F16008B00811B83 /* Products */ = {
			isa = PBXGroup;
			children = (
				65A0CD841F16008B00811B83 /* QMapKitDemo.app */,
			);
			name = Products;
			sourceTree = "<group>";
		};
		65A0CD861F16008B00811B83 /* QMapKitDemo */ = {
			isa = PBXGroup;
			children = (
				0380BD31254A98E6003035D5 /* Dependency */,
				65A0CD9E1F1601F000811B83 /* Demos */,
				65A0CDCF1F1601F000811B83 /* library */,
				65A0CDD11F1601F000811B83 /* Resources */,
				65A0CD8A1F16008B00811B83 /* AppDelegate.h */,
				65A0CD8B1F16008B00811B83 /* AppDelegate.m */,
				65A0CD931F16008B00811B83 /* Assets.xcassets */,
				65A0CD951F16008B00811B83 /* LaunchScreen.storyboard */,
				65A0CD981F16008B00811B83 /* Info.plist */,
				65A0CD871F16008B00811B83 /* Supporting Files */,
			);
			path = QMapKitDemo;
			sourceTree = "<group>";
		};
		65A0CD871F16008B00811B83 /* Supporting Files */ = {
			isa = PBXGroup;
			children = (
				65A0CD881F16008B00811B83 /* main.m */,
			);
			name = "Supporting Files";
			sourceTree = "<group>";
		};
		65A0CD9E1F1601F000811B83 /* Demos */ = {
			isa = PBXGroup;
			children = (
				03DF98C524285FE100A7752C /* Tools */,
				65A0CD9F1F1601F000811B83 /* Controllers */,
				65A0CDC61F1601F000811B83 /* EntryData.h */,
				65A0CDC71F1601F000811B83 /* EntryData.m */,
				65A0CDC81F1601F000811B83 /* EntryViewController.h */,
				65A0CDC91F1601F000811B83 /* EntryViewController.m */,
			);
			path = Demos;
			sourceTree = "<group>";
		};
		65A0CD9F1F1601F000811B83 /* Controllers */ = {
			isa = PBXGroup;
			children = (
				0380BCF9254A76FE003035D5 /* NaviProcess */,
				030CBF6924E38F430017E616 /* RideNavi */,
				030CBF6824E38F360017E616 /* WalkNavi */,
				600029EA21172E550044A9CF /* CarNavi */,
			);
			path = Controllers;
			sourceTree = "<group>";
		};
		65A0CDCF1F1601F000811B83 /* library */ = {
			isa = PBXGroup;
			children = (
				030CBF7224E3ACF60017E616 /* TNKNavigationKit.framework */,
				030CBF6624E38C8A0017E616 /* TencentLBS.framework */,
				8FA8D494217878B800D0E884 /* QMapKit.framework */,
				60B89DA621144C6900A678A6 /* WebP.framework */,
			);
			path = library;
			sourceTree = "<group>";
		};
		65A0CDD11F1601F000811B83 /* Resources */ = {
			isa = PBXGroup;
			children = (
				8C7CFDD420C8CAE90057BCB5 /* QMapKit.bundle */,
				319793F41F3471DB007486B9 /* ball.png */,
				31BFE8E71F346D6F0026C9BB /* arrow.png */,
				31BFE8E51F3467550026C9BB /* foot.jpg */,
				31BFE8D91F3463FC0026C9BB /* colorSample.png */,
				65A0CDD21F1601F000811B83 /* car@2x.png */,
				65A0CDD31F1601F000811B83 /* good@2x.png */,
				65A0CDD41F1601F000811B83 /* gps_map@2x.png */,
				65A0CDD51F1601F000811B83 /* heatTest_2.heat */,
				65A0CDD61F1601F000811B83 /* marker@2x.png */,
				65A0CDD81F1601F000811B83 /* test_location_1@2x.png */,
			);
			path = Resources;
			sourceTree = "<group>";
		};
/* End PBXGroup section */

/* Begin PBXHeadersBuildPhase section */
		60B89DA4211441F900A678A6 /* Headers */ = {
			isa = PBXHeadersBuildPhase;
			buildActionMask = 2147483647;
			files = (
				030CBF7E24ECCCA60017E616 /* NaviRouteSymbolGapViewController.h in Headers */,
				0380BD2C254A982F003035D5 /* SearchViewController.h in Headers */,
				030CBF6C24E38F780017E616 /* WalkNaviViewController.h in Headers */,
				030CBF7A24ECCB1C0017E616 /* NaviRouteColorViewController.h in Headers */,
				0380BD3E254A9B44003035D5 /* SVProgressHUD-Prefix.pch in Headers */,
				0380BD3C254A9B44003035D5 /* SVIndefiniteAnimatedView.h in Headers */,
				0380BD4F254A9D29003035D5 /* RoutePolyline.h in Headers */,
				03DF98C824285FF900A7752C /* TrafficPolyline.h in Headers */,
				03B0AFAB23B5ABC6000BF8BC /* DefaultNaviController.h in Headers */,
				0380BD1C254A980B003035D5 /* ReplaceUnicode.h in Headers */,
				030CBF7024E38F870017E616 /* RideNaviViewController.h in Headers */,
				0380BD25254A982F003035D5 /* SearchManager.h in Headers */,
				0380BD51254A9D29003035D5 /* NaviPoi.h in Headers */,
				0380BD2B254A982F003035D5 /* SearchResultTableViewCell.h in Headers */,
				0380BD14254A97E0003035D5 /* MathTool.h in Headers */,
				0380BD17254A97EB003035D5 /* DeviceUtils.h in Headers */,
				0380BD46254A9B4B003035D5 /* SVProgressHUD.h in Headers */,
				0380BD4A254A9C3A003035D5 /* CarPlanController.h in Headers */,
				0380BD44254A9B4B003035D5 /* SVRadialGradientLayer.h in Headers */,
				0380BD28254A982F003035D5 /* SearchRecordTableViewCell.h in Headers */,
				0380BCF6254A7225003035D5 /* AutoScaleViewController.h in Headers */,
				0380BD2F254A984A003035D5 /* NavigationViewController.h in Headers */,
				0380BD3B254A9B44003035D5 /* SVProgressAnimatedView.h in Headers */,
			);
			runOnlyForDeploymentPostprocessing = 0;
		};
/* End PBXHeadersBuildPhase section */

/* Begin PBXNativeTarget section */
		65A0CD831F16008B00811B83 /* QMapKitDemo */ = {
			isa = PBXNativeTarget;
			buildConfigurationList = 65A0CD9B1F16008B00811B83 /* Build configuration list for PBXNativeTarget "QMapKitDemo" */;
			buildPhases = (
				65A0CD801F16008B00811B83 /* Sources */,
				65A0CD811F16008B00811B83 /* Frameworks */,
				65A0CD821F16008B00811B83 /* Resources */,
				65A0CDF81F16020400811B83 /* Embed Frameworks */,
				60B89DA3211441EA00A678A6 /* CopyFiles */,
				60B89DA4211441F900A678A6 /* Headers */,
			);
			buildRules = (
			);
			dependencies = (
			);
			name = QMapKitDemo;
			productName = QMapKitDemo;
			productReference = 65A0CD841F16008B00811B83 /* QMapKitDemo.app */;
			productType = "com.apple.product-type.application";
		};
/* End PBXNativeTarget section */

/* Begin PBXProject section */
		65A0CD7C1F16008B00811B83 /* Project object */ = {
			isa = PBXProject;
			attributes = {
				LastUpgradeCheck = 0940;
				ORGANIZATIONNAME = tencent;
				TargetAttributes = {
					65A0CD831F16008B00811B83 = {
						CreatedOnToolsVersion = 8.3.3;
						DevelopmentTeam = P58TLQHH32;
						ProvisioningStyle = Manual;
					};
				};
			};
			buildConfigurationList = 65A0CD7F1F16008B00811B83 /* Build configuration list for PBXProject "QMapKitDemo" */;
			compatibilityVersion = "Xcode 3.2";
			developmentRegion = English;
			hasScannedForEncodings = 0;
			knownRegions = (
				English,
				en,
				Base,
			);
			mainGroup = 65A0CD7B1F16008B00811B83;
			productRefGroup = 65A0CD851F16008B00811B83 /* Products */;
			projectDirPath = "";
			projectRoot = "";
			targets = (
				65A0CD831F16008B00811B83 /* QMapKitDemo */,
			);
		};
/* End PBXProject section */

/* Begin PBXResourcesBuildPhase section */
		65A0CD821F16008B00811B83 /* Resources */ = {
			isa = PBXResourcesBuildPhase;
			buildActionMask = 2147483647;
			files = (
				0380BD33254A9B25003035D5 /* SVProgressHUD.bundle in Resources */,
				030CBF7724E3BE9E0017E616 /* TencentNavigationKit.bundle in Resources */,
				03538FFF246A8B71002DE0CF /* QMapKit.bundle in Resources */,
				65A0CDEF1F1601F000811B83 /* car@2x.png in Resources */,
				65A0CDF51F1601F000811B83 /* test_location_1@2x.png in Resources */,
				319793F51F3471ED007486B9 /* ball.png in Resources */,
				65A0CDF11F1601F000811B83 /* gps_map@2x.png in Resources */,
				65A0CDF21F1601F000811B83 /* heatTest_2.heat in Resources */,
				65A0CDF01F1601F000811B83 /* good@2x.png in Resources */,
				31BFE8E81F346D760026C9BB /* arrow.png in Resources */,
				31BFE8DA1F3464180026C9BB /* colorSample.png in Resources */,
				65A0CD971F16008B00811B83 /* LaunchScreen.storyboard in Resources */,
				65A0CD941F16008B00811B83 /* Assets.xcassets in Resources */,
				31BFE8E61F34675B0026C9BB /* foot.jpg in Resources */,
				65A0CDF31F1601F000811B83 /* marker@2x.png in Resources */,
			);
			runOnlyForDeploymentPostprocessing = 0;
		};
/* End PBXResourcesBuildPhase section */

/* Begin PBXSourcesBuildPhase section */
		65A0CD801F16008B00811B83 /* Sources */ = {
			isa = PBXSourcesBuildPhase;
			buildActionMask = 2147483647;
			files = (
				0380BCF7254A7225003035D5 /* AutoScaleViewController.m in Sources */,
				0380BD1B254A980B003035D5 /* ReplaceUnicode.m in Sources */,
				0380BD30254A984A003035D5 /* NavigationViewController.m in Sources */,
				0380BD49254A9C3A003035D5 /* CarPlanController.m in Sources */,
				0380BD29254A982F003035D5 /* SearchManager.m in Sources */,
				0380BD52254A9D29003035D5 /* RoutePolyline.m in Sources */,
				60EEBA3821195212008CFEF0 /* NaviSearchRoutes.m in Sources */,
				0380BD45254A9B4B003035D5 /* SVProgressHUD.m in Sources */,
				6052EDAE211B046F008A4FF2 /* AddKitNaviController.m in Sources */,
				0380BD26254A982F003035D5 /* SearchViewController.m in Sources */,
				030CBF6D24E38F780017E616 /* WalkNaviViewController.m in Sources */,
				0380BD13254A97E0003035D5 /* MathTool.m in Sources */,
				6052EDAB211ADFAD008A4FF2 /* CustomNaviController.m in Sources */,
				0380BD43254A9B4B003035D5 /* SVRadialGradientLayer.m in Sources */,
				03B0AFAC23B5ABC6000BF8BC /* DefaultNaviController.m in Sources */,
				0380BD3A254A9B44003035D5 /* SVIndefiniteAnimatedView.m in Sources */,
				60EEBA3B2119AE04008CFEF0 /* RealNaviController.m in Sources */,
				60EEBA3E2119B482008CFEF0 /* SimuNaviController.m in Sources */,
				0380BD18254A97EB003035D5 /* DeviceUtils.m in Sources */,
				0380BD3D254A9B44003035D5 /* SVProgressAnimatedView.m in Sources */,
				60EEBA34211875E0008CFEF0 /* BaseNaviViewController.m in Sources */,
				03DF98C924285FF900A7752C /* TrafficPolyline.m in Sources */,
				0380BD27254A982F003035D5 /* SearchRecordTableViewCell.m in Sources */,
				65A0CD8C1F16008B00811B83 /* AppDelegate.m in Sources */,
				030CBF7124E38F870017E616 /* RideNaviViewController.m in Sources */,
				030CBF7B24ECCB1C0017E616 /* NaviRouteColorViewController.m in Sources */,
				65A0CDEB1F1601F000811B83 /* EntryViewController.m in Sources */,
				6052EDA2211A9A88008A4FF2 /* NaviModeController.m in Sources */,
				603D1FDE211D234E0017CE94 /* AddMapKitNaviController.m in Sources */,
				0380BD50254A9D29003035D5 /* NaviPoi.m in Sources */,
				030CBF7F24ECCCA60017E616 /* NaviRouteSymbolGapViewController.m in Sources */,
				0380BD2A254A982F003035D5 /* SearchResultTableViewCell.m in Sources */,
				6052EDA8211AB99F008A4FF2 /* NaviRouteWidthController.m in Sources */,
				6052EDA5211AB421008A4FF2 /* NaviDayNightController.m in Sources */,
				65A0CDEA1F1601F000811B83 /* EntryData.m in Sources */,
				65A0CD891F16008B00811B83 /* main.m in Sources */,
			);
			runOnlyForDeploymentPostprocessing = 0;
		};
/* End PBXSourcesBuildPhase section */

/* Begin PBXVariantGroup section */
		65A0CD951F16008B00811B83 /* LaunchScreen.storyboard */ = {
			isa = PBXVariantGroup;
			children = (
				65A0CD961F16008B00811B83 /* Base */,
			);
			name = LaunchScreen.storyboard;
			sourceTree = "<group>";
		};
/* End PBXVariantGroup section */

/* Begin XCBuildConfiguration section */
		65A0CD991F16008B00811B83 /* Debug */ = {
			isa = XCBuildConfiguration;
			buildSettings = {
				ALWAYS_SEARCH_USER_PATHS = NO;
				CLANG_ANALYZER_NONNULL = YES;
				CLANG_ANALYZER_NUMBER_OBJECT_CONVERSION = YES_AGGRESSIVE;
				CLANG_CXX_LANGUAGE_STANDARD = "gnu++0x";
				CLANG_CXX_LIBRARY = "libc++";
				CLANG_ENABLE_MODULES = YES;
				CLANG_ENABLE_OBJC_ARC = YES;
				CLANG_WARN_BLOCK_CAPTURE_AUTORELEASING = YES;
				CLANG_WARN_BOOL_CONVERSION = YES;
				CLANG_WARN_COMMA = YES;
				CLANG_WARN_CONSTANT_CONVERSION = YES;
				CLANG_WARN_DEPRECATED_OBJC_IMPLEMENTATIONS = YES;
				CLANG_WARN_DIRECT_OBJC_ISA_USAGE = YES_ERROR;
				CLANG_WARN_DOCUMENTATION_COMMENTS = YES;
				CLANG_WARN_EMPTY_BODY = YES;
				CLANG_WARN_ENUM_CONVERSION = YES;
				CLANG_WARN_INFINITE_RECURSION = YES;
				CLANG_WARN_INT_CONVERSION = YES;
				CLANG_WARN_NON_LITERAL_NULL_CONVERSION = YES;
				CLANG_WARN_OBJC_IMPLICIT_RETAIN_SELF = YES;
				CLANG_WARN_OBJC_LITERAL_CONVERSION = YES;
				CLANG_WARN_OBJC_ROOT_CLASS = YES_ERROR;
				CLANG_WARN_RANGE_LOOP_ANALYSIS = YES;
				CLANG_WARN_STRICT_PROTOTYPES = YES;
				CLANG_WARN_SUSPICIOUS_MOVE = YES;
				CLANG_WARN_UNREACHABLE_CODE = YES;
				CLANG_WARN__DUPLICATE_METHOD_MATCH = YES;
				"CODE_SIGN_IDENTITY[sdk=iphoneos*]" = "iPhone Developer";
				COPY_PHASE_STRIP = NO;
				DEBUG_INFORMATION_FORMAT = dwarf;
				ENABLE_STRICT_OBJC_MSGSEND = YES;
				ENABLE_TESTABILITY = YES;
				GCC_C_LANGUAGE_STANDARD = gnu99;
				GCC_DYNAMIC_NO_PIC = NO;
				GCC_NO_COMMON_BLOCKS = YES;
				GCC_OPTIMIZATION_LEVEL = 0;
				GCC_PREPROCESSOR_DEFINITIONS = (
					"DEBUG=1",
					"$(inherited)",
				);
				GCC_WARN_64_TO_32_BIT_CONVERSION = YES;
				GCC_WARN_ABOUT_RETURN_TYPE = YES_ERROR;
				GCC_WARN_UNDECLARED_SELECTOR = YES;
				GCC_WARN_UNINITIALIZED_AUTOS = YES_AGGRESSIVE;
				GCC_WARN_UNUSED_FUNCTION = YES;
				GCC_WARN_UNUSED_VARIABLE = YES;
				IPHONEOS_DEPLOYMENT_TARGET = 10.3;
				MTL_ENABLE_DEBUG_INFO = YES;
				ONLY_ACTIVE_ARCH = YES;
				SDKROOT = iphoneos;
				TARGETED_DEVICE_FAMILY = "1,2";
			};
			name = Debug;
		};
		65A0CD9A1F16008B00811B83 /* Release */ = {
			isa = XCBuildConfiguration;
			buildSettings = {
				ALWAYS_SEARCH_USER_PATHS = NO;
				CLANG_ANALYZER_NONNULL = YES;
				CLANG_ANALYZER_NUMBER_OBJECT_CONVERSION = YES_AGGRESSIVE;
				CLANG_CXX_LANGUAGE_STANDARD = "gnu++0x";
				CLANG_CXX_LIBRARY = "libc++";
				CLANG_ENABLE_MODULES = YES;
				CLANG_ENABLE_OBJC_ARC = YES;
				CLANG_WARN_BLOCK_CAPTURE_AUTORELEASING = YES;
				CLANG_WARN_BOOL_CONVERSION = YES;
				CLANG_WARN_COMMA = YES;
				CLANG_WARN_CONSTANT_CONVERSION = YES;
				CLANG_WARN_DEPRECATED_OBJC_IMPLEMENTATIONS = YES;
				CLANG_WARN_DIRECT_OBJC_ISA_USAGE = YES_ERROR;
				CLANG_WARN_DOCUMENTATION_COMMENTS = YES;
				CLANG_WARN_EMPTY_BODY = YES;
				CLANG_WARN_ENUM_CONVERSION = YES;
				CLANG_WARN_INFINITE_RECURSION = YES;
				CLANG_WARN_INT_CONVERSION = YES;
				CLANG_WARN_NON_LITERAL_NULL_CONVERSION = YES;
				CLANG_WARN_OBJC_IMPLICIT_RETAIN_SELF = YES;
				CLANG_WARN_OBJC_LITERAL_CONVERSION = YES;
				CLANG_WARN_OBJC_ROOT_CLASS = YES_ERROR;
				CLANG_WARN_RANGE_LOOP_ANALYSIS = YES;
				CLANG_WARN_STRICT_PROTOTYPES = YES;
				CLANG_WARN_SUSPICIOUS_MOVE = YES;
				CLANG_WARN_UNREACHABLE_CODE = YES;
				CLANG_WARN__DUPLICATE_METHOD_MATCH = YES;
				"CODE_SIGN_IDENTITY[sdk=iphoneos*]" = "iPhone Developer";
				COPY_PHASE_STRIP = NO;
				DEBUG_INFORMATION_FORMAT = "dwarf-with-dsym";
				ENABLE_NS_ASSERTIONS = NO;
				ENABLE_STRICT_OBJC_MSGSEND = YES;
				GCC_C_LANGUAGE_STANDARD = gnu99;
				GCC_NO_COMMON_BLOCKS = YES;
				GCC_WARN_64_TO_32_BIT_CONVERSION = YES;
				GCC_WARN_ABOUT_RETURN_TYPE = YES_ERROR;
				GCC_WARN_UNDECLARED_SELECTOR = YES;
				GCC_WARN_UNINITIALIZED_AUTOS = YES_AGGRESSIVE;
				GCC_WARN_UNUSED_FUNCTION = YES;
				GCC_WARN_UNUSED_VARIABLE = YES;
				IPHONEOS_DEPLOYMENT_TARGET = 10.3;
				MTL_ENABLE_DEBUG_INFO = NO;
				SDKROOT = iphoneos;
				TARGETED_DEVICE_FAMILY = "1,2";
				VALIDATE_PRODUCT = YES;
			};
			name = Release;
		};
		65A0CD9C1F16008B00811B83 /* Debug */ = {
			isa = XCBuildConfiguration;
			buildSettings = {
				ASSETCATALOG_COMPILER_APPICON_NAME = AppIcon;
				CODE_SIGN_IDENTITY = "iPhone Developer: dapeng zhang (XPQH34PMQH)";
				CODE_SIGN_STYLE = Manual;
				DEVELOPMENT_TEAM = P58TLQHH32;
				ENABLE_BITCODE = NO;
				FRAMEWORK_SEARCH_PATHS = (
					"$(inherited)",
					"$(PROJECT_DIR)/QMapKitDemo/library/QMapKit",
					"$(PROJECT_DIR)/QMapKitDemo/library/TNKNavigationKit",
					"$(PROJECT_DIR)/QMapKitDemo/library",
				);
				INFOPLIST_FILE = QMapKitDemo/Info.plist;
				IPHONEOS_DEPLOYMENT_TARGET = 8.0;
				LD_GENERATE_MAP_FILE = YES;
				LD_RUNPATH_SEARCH_PATHS = "$(inherited) @executable_path/Frameworks";
				OTHER_LDFLAGS = "-ObjC";
				PRODUCT_BUNDLE_IDENTIFIER = com.tencent.navigationdemo01;
				PRODUCT_NAME = "$(TARGET_NAME)";
				PROVISIONING_PROFILE_SPECIFIER = tnk_debugging;
			};
			name = Debug;
		};
		65A0CD9D1F16008B00811B83 /* Release */ = {
			isa = XCBuildConfiguration;
			buildSettings = {
				ASSETCATALOG_COMPILER_APPICON_NAME = AppIcon;
				CODE_SIGN_IDENTITY = "iPhone Developer: dapeng zhang (XPQH34PMQH)";
				CODE_SIGN_STYLE = Manual;
				DEVELOPMENT_TEAM = P58TLQHH32;
				ENABLE_BITCODE = NO;
				FRAMEWORK_SEARCH_PATHS = (
					"$(inherited)",
					"$(PROJECT_DIR)/QMapKitDemo/library/QMapKit",
					"$(PROJECT_DIR)/QMapKitDemo/library/TNKNavigationKit",
					"$(PROJECT_DIR)/QMapKitDemo/library",
				);
				INFOPLIST_FILE = QMapKitDemo/Info.plist;
				IPHONEOS_DEPLOYMENT_TARGET = 8.0;
				LD_GENERATE_MAP_FILE = YES;
				LD_RUNPATH_SEARCH_PATHS = "$(inherited) @executable_path/Frameworks";
				OTHER_LDFLAGS = "-ObjC";
				PRODUCT_BUNDLE_IDENTIFIER = com.tencent.navigationdemo01;
				PRODUCT_NAME = "$(TARGET_NAME)";
				PROVISIONING_PROFILE_SPECIFIER = tnk_debugging;
			};
			name = Release;
		};
/* End XCBuildConfiguration section */

/* Begin XCConfigurationList section */
		65A0CD7F1F16008B00811B83 /* Build configuration list for PBXProject "QMapKitDemo" */ = {
			isa = XCConfigurationList;
			buildConfigurations = (
				65A0CD991F16008B00811B83 /* Debug */,
				65A0CD9A1F16008B00811B83 /* Release */,
			);
			defaultConfigurationIsVisible = 0;
			defaultConfigurationName = Release;
		};
		65A0CD9B1F16008B00811B83 /* Build configuration list for PBXNativeTarget "QMapKitDemo" */ = {
			isa = XCConfigurationList;
			buildConfigurations = (
				65A0CD9C1F16008B00811B83 /* Debug */,
				65A0CD9D1F16008B00811B83 /* Release */,
			);
			defaultConfigurationIsVisible = 0;
			defaultConfigurationName = Release;
		};
/* End XCConfigurationList section */
	};
	rootObject = 65A0CD7C1F16008B00811B83 /* Project object */;
}
